// !$*UTF8*$!
{
	archiveVersion = 1;
	classes = {
	};
	objectVersion = 46;
	objects = {

/* Begin PBXBuildFile section */
		125558421AE7E07000AC69C1 /* AppDelegate.swift in Sources */ = {isa = PBXBuildFile; fileRef = 125558411AE7E07000AC69C1 /* AppDelegate.swift */; };
		125558451AE7E07000AC69C1 /* UITableViewUsage.xcdatamodeld in Sources */ = {isa = PBXBuildFile; fileRef = 125558431AE7E07000AC69C1 /* UITableViewUsage.xcdatamodeld */; };
		125558471AE7E07000AC69C1 /* ViewController.swift in Sources */ = {isa = PBXBuildFile; fileRef = 125558461AE7E07000AC69C1 /* ViewController.swift */; };
		1255584A1AE7E07000AC69C1 /* Main.storyboard in Resources */ = {isa = PBXBuildFile; fileRef = 125558481AE7E07000AC69C1 /* Main.storyboard */; };
		1255584C1AE7E07000AC69C1 /* Images.xcassets in Resources */ = {isa = PBXBuildFile; fileRef = 1255584B1AE7E07000AC69C1 /* Images.xcassets */; };
		1255584F1AE7E07000AC69C1 /* LaunchScreen.xib in Resources */ = {isa = PBXBuildFile; fileRef = 1255584D1AE7E07000AC69C1 /* LaunchScreen.xib */; };
		1255585B1AE7E07000AC69C1 /* UITableViewUsageTests.swift in Sources */ = {isa = PBXBuildFile; fileRef = 1255585A1AE7E07000AC69C1 /* UITableViewUsageTests.swift */; };
/* End PBXBuildFile section */

/* Begin PBXContainerItemProxy section */
		125558551AE7E07000AC69C1 /* PBXContainerItemProxy */ = {
			isa = PBXContainerItemProxy;
			containerPortal = 125558341AE7E07000AC69C1 /* Project object */;
			proxyType = 1;
			remoteGlobalIDString = 1255583B1AE7E07000AC69C1;
			remoteInfo = UITableViewUsage;
		};
/* End PBXContainerItemProxy section */

/* Begin PBXFileReference section */
		1255583C1AE7E07000AC69C1 /* UITableViewUsage.app */ = {isa = PBXFileReference; explicitFileType = wrapper.application; includeInIndex = 0; path = UITableViewUsage.app; sourceTree = BUILT_PRODUCTS_DIR; };
		125558401AE7E07000AC69C1 /* Info.plist */ = {isa = PBXFileReference; lastKnownFileType = text.plist.xml; path = Info.plist; sourceTree = "<group>"; };
		125558411AE7E07000AC69C1 /* AppDelegate.swift */ = {isa = PBXFileReference; lastKnownFileType = sourcecode.swift; path = AppDelegate.swift; sourceTree = "<group>"; };
		125558441AE7E07000AC69C1 /* UITableViewUsage.xcdatamodel */ = {isa = PBXFileReference; lastKnownFileType = wrapper.xcdatamodel; path = UITableViewUsage.xcdatamodel; sourceTree = "<group>"; };
		125558461AE7E07000AC69C1 /* ViewController.swift */ = {isa = PBXFileReference; lastKnownFileType = sourcecode.swift; path = ViewController.swift; sourceTree = "<group>"; };
		125558491AE7E07000AC69C1 /* Base */ = {isa = PBXFileReference; lastKnownFileType = file.storyboard; name = Base; path = Base.lproj/Main.storyboard; sourceTree = "<group>"; };
		1255584B1AE7E07000AC69C1 /* Images.xcassets */ = {isa = PBXFileReference; lastKnownFileType = folder.assetcatalog; path = Images.xcassets; sourceTree = "<group>"; };
		1255584E1AE7E07000AC69C1 /* Base */ = {isa = PBXFileReference; lastKnownFileType = file.xib; name = Base; path = Base.lproj/LaunchScreen.xib; sourceTree = "<group>"; };
		125558541AE7E07000AC69C1 /* UITableViewUsageTests.xctest */ = {isa = PBXFileReference; explicitFileType = wrapper.cfbundle; includeInIndex = 0; path = UITableViewUsageTests.xctest; sourceTree = BUILT_PRODUCTS_DIR; };
		125558591AE7E07000AC69C1 /* Info.plist */ = {isa = PBXFileReference; lastKnownFileType = text.plist.xml; path = Info.plist; sourceTree = "<group>"; };
		1255585A1AE7E07000AC69C1 /* UITableViewUsageTests.swift */ = {isa = PBXFileReference; lastKnownFileType = sourcecode.swift; path = UITableViewUsageTests.swift; sourceTree = "<group>"; };
/* End PBXFileReference section */

/* Begin PBXFrameworksBuildPhase section */
		125558391AE7E07000AC69C1 /* Frameworks */ = {
			isa = PBXFrameworksBuildPhase;
			buildActionMask = 2147483647;
			files = (
			);
			runOnlyForDeploymentPostprocessing = 0;
		};
		125558511AE7E07000AC69C1 /* Frameworks */ = {
			isa = PBXFrameworksBuildPhase;
			buildActionMask = 2147483647;
			files = (
			);
			runOnlyForDeploymentPostprocessing = 0;
		};
/* End PBXFrameworksBuildPhase section */

/* Begin PBXGroup section */
		125558331AE7E07000AC69C1 = {
			isa = PBXGroup;
			children = (
				1255583E1AE7E07000AC69C1 /* UITableViewUsage */,
				125558571AE7E07000AC69C1 /* UITableViewUsageTests */,
				1255583D1AE7E07000AC69C1 /* Products */,
			);
			sourceTree = "<group>";
		};
		1255583D1AE7E07000AC69C1 /* Products */ = {
			isa = PBXGroup;
			children = (
				1255583C1AE7E07000AC69C1 /* UITableViewUsage.app */,
				125558541AE7E07000AC69C1 /* UITableViewUsageTests.xctest */,
			);
			name = Products;
			sourceTree = "<group>";
		};
		1255583E1AE7E07000AC69C1 /* UITableViewUsage */ = {
			isa = PBXGroup;
			children = (
				125558411AE7E07000AC69C1 /* AppDelegate.swift */,
				125558461AE7E07000AC69C1 /* ViewController.swift */,
				125558481AE7E07000AC69C1 /* Main.storyboard */,
				1255584B1AE7E07000AC69C1 /* Images.xcassets */,
				1255584D1AE7E07000AC69C1 /* LaunchScreen.xib */,
				125558431AE7E07000AC69C1 /* UITableViewUsage.xcdatamodeld */,
				1255583F1AE7E07000AC69C1 /* Supporting Files */,
			);
			path = UITableViewUsage;
			sourceTree = "<group>";
		};
		1255583F1AE7E07000AC69C1 /* Supporting Files */ = {
			isa = PBXGroup;
			children = (
				125558401AE7E07000AC69C1 /* Info.plist */,
			);
			name = "Supporting Files";
			sourceTree = "<group>";
		};
		125558571AE7E07000AC69C1 /* UITableViewUsageTests */ = {
			isa = PBXGroup;
			children = (
				1255585A1AE7E07000AC69C1 /* UITableViewUsageTests.swift */,
				125558581AE7E07000AC69C1 /* Supporting Files */,
			);
			path = UITableViewUsageTests;
			sourceTree = "<group>";
		};
		125558581AE7E07000AC69C1 /* Supporting Files */ = {
			isa = PBXGroup;
			children = (
				125558591AE7E07000AC69C1 /* Info.plist */,
			);
			name = "Supporting Files";
			sourceTree = "<group>";
		};
/* End PBXGroup section */

/* Begin PBXNativeTarget section */
		1255583B1AE7E07000AC69C1 /* UITableViewUsage */ = {
			isa = PBXNativeTarget;
			buildConfigurationList = 1255585E1AE7E07000AC69C1 /* Build configuration list for PBXNativeTarget "UITableViewUsage" */;
			buildPhases = (
				125558381AE7E07000AC69C1 /* Sources */,
				125558391AE7E07000AC69C1 /* Frameworks */,
				1255583A1AE7E07000AC69C1 /* Resources */,
			);
			buildRules = (
			);
			dependencies = (
			);
			name = UITableViewUsage;
			productName = UITableViewUsage;
			productReference = 1255583C1AE7E07000AC69C1 /* UITableViewUsage.app */;
			productType = "com.apple.product-type.application";
		};
		125558531AE7E07000AC69C1 /* UITableViewUsageTests */ = {
			isa = PBXNativeTarget;
			buildConfigurationList = 125558611AE7E07000AC69C1 /* Build configuration list for PBXNativeTarget "UITableViewUsageTests" */;
			buildPhases = (
				125558501AE7E07000AC69C1 /* Sources */,
				125558511AE7E07000AC69C1 /* Frameworks */,
				125558521AE7E07000AC69C1 /* Resources */,
			);
			buildRules = (
			);
			dependencies = (
				125558561AE7E07000AC69C1 /* PBXTargetDependency */,
			);
			name = UITableViewUsageTests;
			productName = UITableViewUsageTests;
			productReference = 125558541AE7E07000AC69C1 /* UITableViewUsageTests.xctest */;
			productType = "com.apple.product-type.bundle.unit-test";
		};
/* End PBXNativeTarget section */

/* Begin PBXProject section */
		125558341AE7E07000AC69C1 /* Project object */ = {
			isa = PBXProject;
			attributes = {
				LastUpgradeCheck = 0630;
				ORGANIZATIONNAME = "ShinChven Zhang";
				TargetAttributes = {
					1255583B1AE7E07000AC69C1 = {
						CreatedOnToolsVersion = 6.3;
					};
					125558531AE7E07000AC69C1 = {
						CreatedOnToolsVersion = 6.3;
						TestTargetID = 1255583B1AE7E07000AC69C1;
					};
				};
			};
			buildConfigurationList = 125558371AE7E07000AC69C1 /* Build configuration list for PBXProject "UITableViewUsage" */;
			compatibilityVersion = "Xcode 3.2";
			developmentRegion = English;
			hasScannedForEncodings = 0;
			knownRegions = (
				en,
				Base,
			);
			mainGroup = 125558331AE7E07000AC69C1;
			productRefGroup = 1255583D1AE7E07000AC69C1 /* Products */;
			projectDirPath = "";
			projectRoot = "";
			targets = (
				1255583B1AE7E07000AC69C1 /* UITableViewUsage */,
				125558531AE7E07000AC69C1 /* UITableViewUsageTests */,
			);
		};
/* End PBXProject section */

/* Begin PBXResourcesBuildPhase section */
		1255583A1AE7E07000AC69C1 /* Resources */ = {
			isa = PBXResourcesBuildPhase;
			buildActionMask = 2147483647;
			files = (
				1255584A1AE7E07000AC69C1 /* Main.storyboard in Resources */,
				1255584F1AE7E07000AC69C1 /* LaunchScreen.xib in Resources */,
				1255584C1AE7E07000AC69C1 /* Images.xcassets in Resources */,
			);
			runOnlyForDeploymentPostprocessing = 0;
		};
		125558521AE7E07000AC69C1 /* Resources */ = {
			isa = PBXResourcesBuildPhase;
			buildActionMask = 2147483647;
			files = (
			);
			runOnlyForDeploymentPostprocessing = 0;
		};
/* End PBXResourcesBuildPhase section */

/* Begin PBXSourcesBuildPhase section */
		125558381AE7E07000AC69C1 /* Sources */ = {
			isa = PBXSourcesBuildPhase;
			buildActionMask = 2147483647;
			files = (
				125558471AE7E07000AC69C1 /* ViewController.swift in Sources */,
				125558421AE7E07000AC69C1 /* AppDelegate.swift in Sources */,
				125558451AE7E07000AC69C1 /* UITableViewUsage.xcdatamodeld in Sources */,
			);
			runOnlyForDeploymentPostprocessing = 0;
		};
		125558501AE7E07000AC69C1 /* Sources */ = {
			isa = PBXSourcesBuildPhase;
			buildActionMask = 2147483647;
			files = (
				1255585B1AE7E07000AC69C1 /* UITableViewUsageTests.swift in Sources */,
			);
			runOnlyForDeploymentPostprocessing = 0;
		};
/* End PBXSourcesBuildPhase section */

/* Begin PBXTargetDependency section */
		125558561AE7E07000AC69C1 /* PBXTargetDependency */ = {
			isa = PBXTargetDependency;
			target = 1255583B1AE7E07000AC69C1 /* UITableViewUsage */;
			targetProxy = 125558551AE7E07000AC69C1 /* PBXContainerItemProxy */;
		};
/* End PBXTargetDependency section */

/* Begin PBXVariantGroup section */
		125558481AE7E07000AC69C1 /* Main.storyboard */ = {
			isa = PBXVariantGroup;
			children = (
				125558491AE7E07000AC69C1 /* Base */,
			);
			name = Main.storyboard;
			sourceTree = "<group>";
		};
		1255584D1AE7E07000AC69C1 /* LaunchScreen.xib */ = {
			isa = PBXVariantGroup;
			children = (
				1255584E1AE7E07000AC69C1 /* Base */,
			);
			name = LaunchScreen.xib;
			sourceTree = "<group>";
		};
/* End PBXVariantGroup section */

/* Begin XCBuildConfiguration section */
		1255585C1AE7E07000AC69C1 /* Debug */ = {
			isa = XCBuildConfiguration;
			buildSettings = {
				ALWAYS_SEARCH_USER_PATHS = NO;
				CLANG_CXX_LANGUAGE_STANDARD = "gnu++0x";
				CLANG_CXX_LIBRARY = "libc++";
				CLANG_ENABLE_MODULES = YES;
				CLANG_ENABLE_OBJC_ARC = YES;
				CLANG_WARN_BOOL_CONVERSION = YES;
				CLANG_WARN_CONSTANT_CONVERSION = YES;
				CLANG_WARN_DIRECT_OBJC_ISA_USAGE = YES_ERROR;
				CLANG_WARN_EMPTY_BODY = YES;
				CLANG_WARN_ENUM_CONVERSION = YES;
				CLANG_WARN_INT_CONVERSION = YES;
				CLANG_WARN_OBJC_ROOT_CLASS = YES_ERROR;
				CLANG_WARN_UNREACHABLE_CODE = YES;
				CLANG_WARN__DUPLICATE_METHOD_MATCH = YES;
				"CODE_SIGN_IDENTITY[sdk=iphoneos*]" = "iPhone Developer";
				COPY_PHASE_STRIP = NO;
				DEBUG_INFORMATION_FORMAT = "dwarf-with-dsym";
				ENABLE_STRICT_OBJC_MSGSEND = YES;
				GCC_C_LANGUAGE_STANDARD = gnu99;
				GCC_DYNAMIC_NO_PIC = NO;
				GCC_NO_COMMON_BLOCKS = YES;
				GCC_OPTIMIZATION_LEVEL = 0;
				GCC_PREPROCESSOR_DEFINITIONS = (
					"DEBUG=1",
					"$(inherited)",
				);
				GCC_SYMBOLS_PRIVATE_EXTERN = NO;
				GCC_WARN_64_TO_32_BIT_CONVERSION = YES;
				GCC_WARN_ABOUT_RETURN_TYPE = YES_ERROR;
				GCC_WARN_UNDECLARED_SELECTOR = YES;
				GCC_WARN_UNINITIALIZED_AUTOS = YES_AGGRESSIVE;
				GCC_WARN_UNUSED_FUNCTION = YES;
				GCC_WARN_UNUSED_VARIABLE = YES;
				IPHONEOS_DEPLOYMENT_TARGET = 8.3;
				MTL_ENABLE_DEBUG_INFO = YES;
				ONLY_ACTIVE_ARCH = YES;
				SDKROOT = iphoneos;
				SWIFT_OPTIMIZATION_LEVEL = "-Onone";
			};
			name = Debug;
		};
		1255585D1AE7E07000AC69C1 /* Release */ = {
			isa = XCBuildConfiguration;
			buildSettings = {
				ALWAYS_SEARCH_USER_PATHS = NO;
				CLANG_CXX_LANGUAGE_STANDARD = "gnu++0x";
				CLANG_CXX_LIBRARY = "libc++";
				CLANG_ENABLE_MODULES = YES;
				CLANG_ENABLE_OBJC_ARC = YES;
				CLANG_WARN_BOOL_CONVERSION = YES;
				CLANG_WARN_CONSTANT_CONVERSION = YES;
				CLANG_WARN_DIRECT_OBJC_ISA_USAGE = YES_ERROR;
				CLANG_WARN_EMPTY_BODY = YES;
				CLANG_WARN_ENUM_CONVERSION = YES;
				CLANG_WARN_INT_CONVERSION = YES;
				CLANG_WARN_OBJC_ROOT_CLASS = YES_ERROR;
				CLANG_WARN_UNREACHABLE_CODE = YES;
				CLANG_WARN__DUPLICATE_METHOD_MATCH = YES;
				"CODE_SIGN_IDENTITY[sdk=iphoneos*]" = "iPhone Developer";
				COPY_PHASE_STRIP = NO;
				DEBUG_INFORMATION_FORMAT = "dwarf-with-dsym";
				ENABLE_NS_ASSERTIONS = NO;
				ENABLE_STRICT_OBJC_MSGSEND = YES;
				GCC_C_LANGUAGE_STANDARD = gnu99;
				GCC_NO_COMMON_BLOCKS = YES;
				GCC_WARN_64_TO_32_BIT_CONVERSION = YES;
				GCC_WARN_ABOUT_RETURN_TYPE = YES_ERROR;
				GCC_WARN_UNDECLARED_SELECTOR = YES;
				GCC_WARN_UNINITIALIZED_AUTOS = YES_AGGRESSIVE;
				GCC_WARN_UNUSED_FUNCTION = YES;
				GCC_WARN_UNUSED_VARIABLE = YES;
				IPHONEOS_DEPLOYMENT_TARGET = 8.3;
				MTL_ENABLE_DEBUG_INFO = NO;
				SDKROOT = iphoneos;
				VALIDATE_PRODUCT = YES;
			};
			name = Release;
		};
		1255585F1AE7E07000AC69C1 /* Debug */ = {
			isa = XCBuildConfiguration;
			buildSettings = {
				ASSETCATALOG_COMPILER_APPICON_NAME = AppIcon;
				INFOPLIST_FILE = UITableViewUsage/Info.plist;
				LD_RUNPATH_SEARCH_PATHS = "$(inherited) @executable_path/Frameworks";
				PRODUCT_NAME = "$(TARGET_NAME)";
			};
			name = Debug;
		};
		125558601AE7E07000AC69C1 /* Release */ = {
			isa = XCBuildConfiguration;
			buildSettings = {
				ASSETCATALOG_COMPILER_APPICON_NAME = AppIcon;
				INFOPLIST_FILE = UITableViewUsage/Info.plist;
				LD_RUNPATH_SEARCH_PATHS = "$(inherited) @executable_path/Frameworks";
				PRODUCT_NAME = "$(TARGET_NAME)";
			};
			name = Release;
		};
		125558621AE7E07000AC69C1 /* Debug */ = {
			isa = XCBuildConfiguration;
			buildSettings = {
				BUNDLE_LOADER = "$(TEST_HOST)";
				FRAMEWORK_SEARCH_PATHS = (
					"$(SDKROOT)/Developer/Library/Frameworks",
					"$(inherited)",
				);
				GCC_PREPROCESSOR_DEFINITIONS = (
					"DEBUG=1",
					"$(inherited)",
				);
				INFOPLIST_FILE = UITableViewUsageTests/Info.plist;
				LD_RUNPATH_SEARCH_PATHS = "$(inherited) @executable_path/Frameworks @loader_path/Frameworks";
				PRODUCT_NAME = "$(TARGET_NAME)";
				TEST_HOST = "$(BUILT_PRODUCTS_DIR)/UITableViewUsage.app/UITableViewUsage";
			};
			name = Debug;
		};
		125558631AE7E07000AC69C1 /* Release */ = {
			isa = XCBuildConfiguration;
			buildSettings = {
				BUNDLE_LOADER = "$(TEST_HOST)";
				FRAMEWORK_SEARCH_PATHS = (
					"$(SDKROOT)/Developer/Library/Frameworks",
					"$(inherited)",
				);
				INFOPLIST_FILE = UITableViewUsageTests/Info.plist;
				LD_RUNPATH_SEARCH_PATHS = "$(inherited) @executable_path/Frameworks @loader_path/Frameworks";
				PRODUCT_NAME = "$(TARGET_NAME)";
				TEST_HOST = "$(BUILT_PRODUCTS_DIR)/UITableViewUsage.app/UITableViewUsage";
			};
			name = Release;
		};
/* End XCBuildConfiguration section */

/* Begin XCConfigurationList section */
		125558371AE7E07000AC69C1 /* Build configuration list for PBXProject "UITableViewUsage" */ = {
			isa = XCConfigurationList;
			buildConfigurations = (
				1255585C1AE7E07000AC69C1 /* Debug */,
				1255585D1AE7E07000AC69C1 /* Release */,
			);
			defaultConfigurationIsVisible = 0;
			defaultConfigurationName = Release;
		};
		1255585E1AE7E07000AC69C1 /* Build configuration list for PBXNativeTarget "UITableViewUsage" */ = {
			isa = XCConfigurationList;
			buildConfigurations = (
				1255585F1AE7E07000AC69C1 /* Debug */,
				125558601AE7E07000AC69C1 /* Release */,
			);
			defaultConfigurationIsVisible = 0;
		};
		125558611AE7E07000AC69C1 /* Build configuration list for PBXNativeTarget "UITableViewUsageTests" */ = {
			isa = XCConfigurationList;
			buildConfigurations = (
				125558621AE7E07000AC69C1 /* Debug */,
				125558631AE7E07000AC69C1 /* Release */,
			);
			defaultConfigurationIsVisible = 0;
		};
/* End XCConfigurationList section */

/* Begin XCVersionGroup section */
		125558431AE7E07000AC69C1 /* UITableViewUsage.xcdatamodeld */ = {
			isa = XCVersionGroup;
			children = (
				125558441AE7E07000AC69C1 /* UITableViewUsage.xcdatamodel */,
			);
			currentVersion = 125558441AE7E07000AC69C1 /* UITableViewUsage.xcdatamodel */;
			path = UITableViewUsage.xcdatamodeld;
			sourceTree = "<group>";
			versionGroupType = wrapper.xcdatamodel;
		};
/* End XCVersionGroup section */
	};
	rootObject = 125558341AE7E07000AC69C1 /* Project object */;
}
